
Microsoft Visual Studio Solution File, Format Version 12.00
# Visual Studio 15
VisualStudioVersion = 15.0.28307.1082
MinimumVisualStudioVersion = 10.0.40219.1
Project("{FAE04EC0-301F-11D3-BF4B-00C04F79EFBC}") = "BookStore.UI.MVC", "BookStore.UI.MVC\BookStore.UI.MVC.csproj", "{A30808F0-31E4-4944-ADC7-A423E6D12547}"
EndProject
Global
	GlobalSection(SolutionConfigurationPlatforms) = preSolution
		Debug|Any CPU = Debug|Any CPU
		Release|Any CPU = Release|Any CPU
	EndGlobalSection
	GlobalSection(ProjectConfigurationPlatforms) = postSolution
		{A30808F0-31E4-4944-ADC7-A423E6D12547}.Debug|Any CPU.ActiveCfg = Debug|Any CPU
		{A30808F0-31E4-4944-ADC7-A423E6D12547}.Debug|Any CPU.Build.0 = Debug|Any CPU
		{A30808F0-31E4-4944-ADC7-A423E6D12547}.Release|Any CPU.ActiveCfg = Release|Any CPU
		{A30808F0-31E4-4944-ADC7-A423E6D12547}.Release|Any CPU.Build.0 = Release|Any CPU
	EndGlobalSection
	GlobalSection(SolutionProperties) = preSolution
		HideSolutionNode = FALSE
	EndGlobalSection
	GlobalSection(ExtensibilityGlobals) = postSolution
		SolutionGuid = {A1CB9495-407C-43F3-84D5-2926947211F2}
	EndGlobalSection
EndGlobal
